
Microsoft Visual Studio Solution File, Format Version 12.00
Project("{FAE04EC0-301F-11D3-BF4B-00C04F79EFBC}") = "2D Array Playground", "2D Array Playground\2D Array Playground.csproj", "{B32CA1ED-F2DB-4F08-A16C-D6E01C92634A}"
EndProject
Global
	GlobalSection(SolutionConfigurationPlatforms) = preSolution
		Debug|Any CPU = Debug|Any CPU
		Release|Any CPU = Release|Any CPU
	EndGlobalSection
	GlobalSection(ProjectConfigurationPlatforms) = postSolution
		{B32CA1ED-F2DB-4F08-A16C-D6E01C92634A}.Debug|Any CPU.ActiveCfg = Debug|Any CPU
		{B32CA1ED-F2DB-4F08-A16C-D6E01C92634A}.Debug|Any CPU.Build.0 = Debug|Any CPU
		{B32CA1ED-F2DB-4F08-A16C-D6E01C92634A}.Release|Any CPU.ActiveCfg = Release|Any CPU
		{B32CA1ED-F2DB-4F08-A16C-D6E01C92634A}.Release|Any CPU.Build.0 = Release|Any CPU
	EndGlobalSection
EndGlobal
